
Microsoft Visual Studio Solution File, Format Version 12.00
# Visual Studio Version 17
VisualStudioVersion = 17.5.33424.131
MinimumVisualStudioVersion = 10.0.40219.1
Project("{FAE04EC0-301F-11D3-BF4B-00C04F79EFBC}") = "Pairs", "Pairs\Pairs.csproj", "{74EBA98F-C2C0-4C43-97D3-D3D9BCE9216B}"
EndProject
Global
	GlobalSection(SolutionConfigurationPlatforms) = preSolution
		Debug|Any CPU = Debug|Any CPU
		Release|Any CPU = Release|Any CPU
	EndGlobalSection
	GlobalSection(ProjectConfigurationPlatforms) = postSolution
		{74EBA98F-C2C0-4C43-97D3-D3D9BCE9216B}.Debug|Any CPU.ActiveCfg = Debug|Any CPU
		{74EBA98F-C2C0-4C43-97D3-D3D9BCE9216B}.Debug|Any CPU.Build.0 = Debug|Any CPU
		{74EBA98F-C2C0-4C43-97D3-D3D9BCE9216B}.Release|Any CPU.ActiveCfg = Release|Any CPU
		{74EBA98F-C2C0-4C43-97D3-D3D9BCE9216B}.Release|Any CPU.Build.0 = Release|Any CPU
	EndGlobalSection
	GlobalSection(SolutionProperties) = preSolution
		HideSolutionNode = FALSE
	EndGlobalSection
	GlobalSection(ExtensibilityGlobals) = postSolution
		SolutionGuid = {3684EC99-A8D1-4BCB-8106-866F4E697CCB}
	EndGlobalSection
EndGlobal
